# Generated by pub
# See https://dart.dev/tools/pub/glossary#lockfile
packages:
  _flutterfire_internals:
    dependency: transitive
    description:
      name: _flutterfire_internals
      sha256: "53d06f578b8e988f60324f46fcd6ab919ccdc2dc8cbf0cd4161829b1dba7a62b"
      url: "https://pub.dev"
    source: hosted
    version: "1.3.27"
  archive:
    dependency: transitive
    description:
      name: archive
      sha256: cdecf5f45a132ba5671845ec126269a17a69979c0f385852ad4a7d8639016441
      url: "https://pub.dev"
    source: hosted
    version: "3.2.2"
  args:
    dependency: transitive
    description:
      name: args
      sha256: eef6c46b622e0494a36c5a12d10d77fb4e855501a91c1b9ef9339326e58f0596
      url: "https://pub.dev"
    source: hosted
    version: "2.4.2"
  async:
    dependency: transitive
    description:
      name: async
      sha256: "947bfcf187f74dbc5e146c9eb9c0f10c9f8b30743e341481c1e2ed3ecc18c20c"
      url: "https://pub.dev"
    source: hosted
    version: "2.11.0"
  boolean_selector:
    dependency: transitive
    description:
      name: boolean_selector
      sha256: "6cfb5af12253eaf2b368f07bacc5a80d1301a071c73360d746b7f2e32d762c66"
      url: "https://pub.dev"
    source: hosted
    version: "2.1.1"
  change_app_package_name:
    dependency: "direct main"
    description:
      name: change_app_package_name
      sha256: bfa8a781b1c8bbd3a69c91bb4c29869c8b02431f8d2615230045c83007d29009
      url: "https://pub.dev"
    source: hosted
    version: "1.0.0"
  characters:
    dependency: transitive
    description:
      name: characters
      sha256: "04a925763edad70e8443c99234dc3328f442e811f1d8fd1a72f1c8ad0f69a605"
      url: "https://pub.dev"
    source: hosted
    version: "1.3.0"
  charcode:
    dependency: transitive
    description:
      name: charcode
      sha256: fb98c0f6d12c920a02ee2d998da788bca066ca5f148492b7085ee23372b12306
      url: "https://pub.dev"
    source: hosted
    version: "1.3.1"
  checked_yaml:
    dependency: transitive
    description:
      name: checked_yaml
      sha256: feb6bed21949061731a7a75fc5d2aa727cf160b91af9a3e464c5e3a32e28b5ff
      url: "https://pub.dev"
    source: hosted
    version: "2.0.3"
  cli_util:
    dependency: transitive
    description:
      name: cli_util
      sha256: c05b7406fdabc7a49a3929d4af76bcaccbbffcbcdcf185b082e1ae07da323d19
      url: "https://pub.dev"
    source: hosted
    version: "0.4.1"
  clock:
    dependency: transitive
    description:
      name: clock
      sha256: cb6d7f03e1de671e34607e909a7213e31d7752be4fb66a86d29fe1eb14bfb5cf
      url: "https://pub.dev"
    source: hosted
    version: "1.1.1"
  cloud_firestore:
    dependency: "direct main"
    description:
      name: cloud_firestore
      sha256: ed89b3103dc35234dfb513af9e4f8f9fb0608e6e06cc93b77489e23f38a52f93
      url: "https://pub.dev"
    source: hosted
    version: "4.15.10"
  cloud_firestore_platform_interface:
    dependency: transitive
    description:
      name: cloud_firestore_platform_interface
      sha256: "31c60ecb186c8356cca417e4151d6c383eb81c92933e3a0f3a9509688f5ec319"
      url: "https://pub.dev"
    source: hosted
    version: "6.1.11"
  cloud_firestore_web:
    dependency: transitive
    description:
      name: cloud_firestore_web
      sha256: "9d952d3c8d5b87c34712537154ff7580bdc29b8b9fb3bf43002304999e585653"
      url: "https://pub.dev"
    source: hosted
    version: "3.10.10"
  collection:
    dependency: transitive
    description:
      name: collection
      sha256: ee67cb0715911d28db6bf4af1026078bd6f0128b07a5f66fb2ed94ec6783c09a
      url: "https://pub.dev"
    source: hosted
    version: "1.18.0"
  crypto:
    dependency: transitive
    description:
      name: crypto
      sha256: ff625774173754681d66daaf4a448684fb04b78f902da9cb3d308c19cc5e8bab
      url: "https://pub.dev"
    source: hosted
    version: "3.0.3"
  cupertino_icons:
    dependency: "direct main"
    description:
      name: cupertino_icons
      sha256: "1989d917fbe8e6b39806207df5a3fdd3d816cbd090fac2ce26fb45e9a71476e5"
      url: "https://pub.dev"
    source: hosted
    version: "1.0.4"
  desktop_webview_auth:
    dependency: transitive
    description:
      name: desktop_webview_auth
      sha256: c4dce73346a7be7243c90ac3b1a68586d9f0e2c2710e81e07d758e80a6ebd920
      url: "https://pub.dev"
    source: hosted
    version: "0.0.15"
  dialogflow_grpc:
    dependency: "direct main"
    description:
      name: dialogflow_grpc
      sha256: "89fd90c79c61c0d1b34ebd025a2dce9648ee51bb57e4e51dac6a1d38128c7eb3"
      url: "https://pub.dev"
    source: hosted
    version: "0.2.9"
  email_validator:
    dependency: transitive
    description:
      name: email_validator
      sha256: "2a7a1390f64ba3897d613064b538446e073a7e1021870cab2399d217f786c720"
      url: "https://pub.dev"
    source: hosted
    version: "2.0.1"
  fake_async:
    dependency: transitive
    description:
      name: fake_async
      sha256: "511392330127add0b769b75a987850d136345d9227c6b94c96a04cf4a391bf78"
      url: "https://pub.dev"
    source: hosted
    version: "1.3.1"
  ffi:
    dependency: transitive
    description:
      name: ffi
      sha256: "35d0f481d939de0d640b3db9a7aa36a52cd22054a798a73b4f50bdad5ce12678"
      url: "https://pub.dev"
    source: hosted
    version: "1.1.2"
  file:
    dependency: transitive
    description:
      name: file
      sha256: b69516f2c26a5bcac4eee2e32512e1a5205ab312b3536c1c1227b2b942b5f9ad
      url: "https://pub.dev"
    source: hosted
    version: "6.1.2"
  firebase_auth:
    dependency: "direct main"
    description:
      name: firebase_auth
      sha256: "376cdf5048e3552afa6e7883334a03450d332c68466759a63f5fcbe990feaecc"
      url: "https://pub.dev"
    source: hosted
    version: "4.18.0"
  firebase_auth_platform_interface:
    dependency: transitive
    description:
      name: firebase_auth_platform_interface
      sha256: "316c8dae2aaa5920aa752807a773f06d9b0da48efda2efbae14b93f0ee835ddd"
      url: "https://pub.dev"
    source: hosted
    version: "7.2.0"
  firebase_auth_web:
    dependency: transitive
    description:
      name: firebase_auth_web
      sha256: "1859c548568fc5f979130c694222504cf255a4b3af5186d1b4d6e5772ae6d08f"
      url: "https://pub.dev"
    source: hosted
    version: "5.10.1"
  firebase_core:
    dependency: "direct main"
    description:
      name: firebase_core
      sha256: "4e8728edb3053ffcc194315cb0c10f4676947db793581409e36040065918c94f"
      url: "https://pub.dev"
    source: hosted
    version: "2.27.2"
  firebase_core_platform_interface:
    dependency: transitive
    description:
      name: firebase_core_platform_interface
      sha256: c437ae5d17e6b5cc7981cf6fd458a5db4d12979905f9aafd1fea930428a9fe63
      url: "https://pub.dev"
    source: hosted
    version: "5.0.0"
  firebase_core_web:
    dependency: transitive
    description:
      name: firebase_core_web
      sha256: "6afef1b46818eabdc6058df1148307f80e5653c0eaf26beeec693c89154752d4"
      url: "https://pub.dev"
    source: hosted
    version: "2.13.0"
  firebase_database:
    dependency: transitive
    description:
      name: firebase_database
      sha256: "8708fc64009d47f6e0c5a6f2361777d7e9069fd6c6a9c80d4494dabcf58f639f"
      url: "https://pub.dev"
    source: hosted
    version: "10.4.11"
  firebase_database_platform_interface:
    dependency: transitive
    description:
      name: firebase_database_platform_interface
      sha256: "0eaa8e5f703901435e9d8e317120149e44491e94a084d5919dc5410fc240d93d"
      url: "https://pub.dev"
    source: hosted
    version: "0.2.5+27"
  firebase_database_web:
    dependency: transitive
    description:
      name: firebase_database_web
      sha256: "7dddb916d19c035bbbffebdce72f8a61238ac953df2ea23e66293281016c31b1"
      url: "https://pub.dev"
    source: hosted
    version: "0.2.4"
  firebase_dynamic_links:
    dependency: transitive
    description:
      name: firebase_dynamic_links
      sha256: "1a77dbb273fed953f4cf2ecb0092857c5804d28d2e7d9da2324d5370060ccac3"
      url: "https://pub.dev"
    source: hosted
    version: "5.4.19"
  firebase_dynamic_links_platform_interface:
    dependency: transitive
    description:
      name: firebase_dynamic_links_platform_interface
      sha256: "6f8430899bf9316828927fcd47890b4d3d6af5373f3af46a8ce4f5c18eeaf869"
      url: "https://pub.dev"
    source: hosted
    version: "0.2.6+27"
  fixnum:
    dependency: transitive
    description:
      name: fixnum
      sha256: "6a2ef17156f4dc49684f9d99aaf4a93aba8ac49f5eac861755f5730ddf6e2e4e"
      url: "https://pub.dev"
    source: hosted
    version: "1.0.0"
  flutter:
    dependency: "direct main"
    description: flutter
    source: sdk
    version: "0.0.0"
  flutter_config:
    dependency: "direct main"
    description:
      name: flutter_config
      sha256: "8e2be2d560a52e06d2ef53a31913a11fc80ef708a442571c96194fd32e29fb1a"
      url: "https://pub.dev"
    source: hosted
    version: "2.0.0"
  flutter_dotenv:
    dependency: "direct main"
    description:
      name: flutter_dotenv
      sha256: d9283d92059a22e9834bc0a31336658ffba77089fb6f3cc36751f1fc7c6661a3
      url: "https://pub.dev"
    source: hosted
    version: "5.0.2"
  flutter_facebook_auth:
    dependency: transitive
    description:
      name: flutter_facebook_auth
      sha256: ce3aed7111c8656df276f6b1f1ab2c653f3d5d93249929da28ff26c1bb7ddd31
      url: "https://pub.dev"
    source: hosted
    version: "4.1.2"
  flutter_facebook_auth_platform_interface:
    dependency: transitive
    description:
      name: flutter_facebook_auth_platform_interface
      sha256: c277a8a578450192996f3bfbcca2559df96468a7c2c6735ed7894e0109114c25
      url: "https://pub.dev"
    source: hosted
    version: "3.0.1"
  flutter_facebook_auth_web:
    dependency: transitive
    description:
      name: flutter_facebook_auth_web
      sha256: "32a295d0a868f1615c5b477eee4f40e3121ad3120d40538c57071e3e30d48aa1"
      url: "https://pub.dev"
    source: hosted
    version: "3.0.0+1"
  flutter_launcher_icons:
    dependency: "direct dev"
    description:
      name: flutter_launcher_icons
      sha256: "526faf84284b86a4cb36d20a5e45147747b7563d921373d4ee0559c54fcdbcea"
      url: "https://pub.dev"
    source: hosted
    version: "0.13.1"
  flutter_localizations:
    dependency: transitive
    description: flutter
    source: sdk
    version: "0.0.0"
  flutter_plugin_android_lifecycle:
    dependency: transitive
    description:
      name: flutter_plugin_android_lifecycle
      sha256: "5c574d21b98ec92adab05ead10afd2b13ff5856c7ca79696edb338a9dd8ed387"
      url: "https://pub.dev"
    source: hosted
    version: "2.0.5"
  flutter_svg:
    dependency: transitive
    description:
      name: flutter_svg
      sha256: "6ff9fa12892ae074092de2fa6a9938fb21dbabfdaa2ff57dc697ff912fc8d4b2"
      url: "https://pub.dev"
    source: hosted
    version: "1.1.6"
  flutter_test:
    dependency: "direct dev"
    description: flutter
    source: sdk
    version: "0.0.0"
  flutter_web_plugins:
    dependency: transitive
    description: flutter
    source: sdk
    version: "0.0.0"
  flutterfire_ui:
    dependency: "direct main"
    description:
      name: flutterfire_ui
      sha256: "631ac0a39b3e24564aba7d2604a756aa884959f47ddf4f952b592f4b1c981c05"
      url: "https://pub.dev"
    source: hosted
    version: "0.4.3+20"
  geolocator:
    dependency: "direct main"
    description:
      name: geolocator
      sha256: "694ec58afe97787b5b72b8a0ab78c1a9244811c3c10e72c4362ef3c0ceb005cd"
      url: "https://pub.dev"
    source: hosted
    version: "11.0.0"
  geolocator_android:
    dependency: transitive
    description:
      name: geolocator_android
      sha256: "93906636752ea4d4e778afa981fdfe7409f545b3147046300df194330044d349"
      url: "https://pub.dev"
    source: hosted
    version: "4.3.1"
  geolocator_apple:
    dependency: transitive
    description:
      name: geolocator_apple
      sha256: bc2aca02423ad429cb0556121f56e60360a2b7d694c8570301d06ea0c00732fd
      url: "https://pub.dev"
    source: hosted
    version: "2.3.7"
  geolocator_platform_interface:
    dependency: transitive
    description:
      name: geolocator_platform_interface
      sha256: "009a21c4bc2761e58dccf07c24f219adaebe0ff707abdfd40b0a763d4003fab9"
      url: "https://pub.dev"
    source: hosted
    version: "4.2.2"
  geolocator_web:
    dependency: transitive
    description:
      name: geolocator_web
      sha256: "49d8f846ebeb5e2b6641fe477a7e97e5dd73f03cbfef3fd5c42177b7300fb0ed"
      url: "https://pub.dev"
    source: hosted
    version: "3.0.0"
  geolocator_windows:
    dependency: transitive
    description:
      name: geolocator_windows
      sha256: "53da08937d07c24b0d9952eb57a3b474e29aae2abf9dd717f7e1230995f13f0e"
      url: "https://pub.dev"
    source: hosted
    version: "0.2.3"
  google_fonts:
    dependency: "direct main"
    description:
      name: google_fonts
      sha256: b1ac0fe2832c9cc95e5e88b57d627c5e68c223b9657f4b96e1487aa9098c7b82
      url: "https://pub.dev"
    source: hosted
    version: "6.2.1"
  google_identity_services_web:
    dependency: transitive
    description:
      name: google_identity_services_web
      sha256: "9482364c9f8b7bd36902572ebc3a7c2b5c8ee57a9c93e6eb5099c1a9ec5265d8"
      url: "https://pub.dev"
    source: hosted
    version: "0.3.1+1"
  google_maps_flutter:
    dependency: "direct main"
    description:
      name: google_maps_flutter
      sha256: f1420bd8f470570b3acf0124ab61b02a3b23375b7c11ec5929590bd2e691b6fa
      url: "https://pub.dev"
    source: hosted
    version: "2.1.3"
  google_maps_flutter_platform_interface:
    dependency: transitive
    description:
      name: google_maps_flutter_platform_interface
      sha256: "9e60b98f87afd64050cad573cc3a7e449adcf41521464b7daf4e4e02dd8ab1ad"
      url: "https://pub.dev"
    source: hosted
    version: "2.1.5"
  google_sign_in:
    dependency: "direct main"
    description:
      name: google_sign_in
      sha256: "9f22c1a6d231d120c12def3a91b899da4823d690c225e94899f7b41aed245751"
      url: "https://pub.dev"
    source: hosted
    version: "5.2.4"
  google_sign_in_platform_interface:
    dependency: transitive
    description:
      name: google_sign_in_platform_interface
      sha256: "62bf8abba105ddd4adcb807f7dd2ad52790a5a91f03876c8e08f13852879f3e5"
      url: "https://pub.dev"
    source: hosted
    version: "2.1.2"
  google_sign_in_web:
    dependency: transitive
    description:
      name: google_sign_in_web
      sha256: "4c860532933031203e5902faf24a137a98b57ed6dee858f518ba44679ed90901"
      url: "https://pub.dev"
    source: hosted
    version: "0.10.0+5"
  googleapis_auth:
    dependency: transitive
    description:
      name: googleapis_auth
      sha256: "1401a9e55f9e0f565d3eebb18d990290f53a12d38a5f7f0230b112895778a85b"
      url: "https://pub.dev"
    source: hosted
    version: "1.5.1"
  grpc:
    dependency: transitive
    description:
      name: grpc
      sha256: e93ee3bce45c134bf44e9728119102358c7cd69de7832d9a874e2e74eb8cab40
      url: "https://pub.dev"
    source: hosted
    version: "3.2.4"
  http:
    dependency: "direct main"
    description:
      name: http
      sha256: "761a297c042deedc1ffbb156d6e2af13886bb305c2a343a4d972504cd67dd938"
      url: "https://pub.dev"
    source: hosted
    version: "1.2.1"
  http2:
    dependency: transitive
    description:
      name: http2
      sha256: "9ced024a160b77aba8fb8674e38f70875e321d319e6f303ec18e87bd5a4b0c1d"
      url: "https://pub.dev"
    source: hosted
    version: "2.3.0"
  http_parser:
    dependency: transitive
    description:
      name: http_parser
      sha256: e362d639ba3bc07d5a71faebb98cde68c05bfbcfbbb444b60b6f60bb67719185
      url: "https://pub.dev"
    source: hosted
    version: "4.0.0"
  image:
    dependency: transitive
    description:
      name: image
      sha256: a72242c9a0ffb65d03de1b7113bc4e189686fc07c7147b8b41811d0dd0e0d9bf
      url: "https://pub.dev"
    source: hosted
    version: "4.0.17"
  intl:
    dependency: transitive
    description:
      name: intl
      sha256: "3bc132a9dbce73a7e4a21a17d06e1878839ffbf975568bc875c60537824b0c4d"
      url: "https://pub.dev"
    source: hosted
    version: "0.18.1"
  js:
    dependency: transitive
    description:
      name: js
      sha256: a5e201311cb08bf3912ebbe9a2be096e182d703f881136ec1e81a2338a9e120d
      url: "https://pub.dev"
    source: hosted
    version: "0.6.4"
  json_annotation:
    dependency: transitive
    description:
      name: json_annotation
      sha256: b10a7b2ff83d83c777edba3c6a0f97045ddadd56c944e1a23a3fdf43a1bf4467
      url: "https://pub.dev"
    source: hosted
    version: "4.8.1"
  leak_tracker:
    dependency: transitive
    description:
      name: leak_tracker
      sha256: "78eb209deea09858f5269f5a5b02be4049535f568c07b275096836f01ea323fa"
      url: "https://pub.dev"
    source: hosted
    version: "10.0.0"
  leak_tracker_flutter_testing:
    dependency: transitive
    description:
      name: leak_tracker_flutter_testing
      sha256: b46c5e37c19120a8a01918cfaf293547f47269f7cb4b0058f21531c2465d6ef0
      url: "https://pub.dev"
    source: hosted
    version: "2.0.1"
  leak_tracker_testing:
    dependency: transitive
    description:
      name: leak_tracker_testing
      sha256: a597f72a664dbd293f3bfc51f9ba69816f84dcd403cdac7066cb3f6003f3ab47
      url: "https://pub.dev"
    source: hosted
    version: "2.0.1"
  matcher:
    dependency: transitive
    description:
      name: matcher
      sha256: d2323aa2060500f906aa31a895b4030b6da3ebdcc5619d14ce1aada65cd161cb
      url: "https://pub.dev"
    source: hosted
    version: "0.12.16+1"
  material_color_utilities:
    dependency: transitive
    description:
      name: material_color_utilities
      sha256: "0e0a020085b65b6083975e499759762399b4475f766c21668c4ecca34ea74e5a"
      url: "https://pub.dev"
    source: hosted
    version: "0.8.0"
  meta:
    dependency: transitive
    description:
      name: meta
      sha256: d584fa6707a52763a52446f02cc621b077888fb63b93bbcb1143a7be5a0c0c04
      url: "https://pub.dev"
    source: hosted
    version: "1.11.0"
  nested:
    dependency: transitive
    description:
      name: nested
      sha256: "03bac4c528c64c95c722ec99280375a6f2fc708eec17c7b3f07253b626cd2a20"
      url: "https://pub.dev"
    source: hosted
    version: "1.0.0"
  path:
    dependency: transitive
    description:
      name: path
      sha256: "087ce49c3f0dc39180befefc60fdb4acd8f8620e5682fe2476afd0b3688bb4af"
      url: "https://pub.dev"
    source: hosted
    version: "1.9.0"
  path_drawing:
    dependency: transitive
    description:
      name: path_drawing
      sha256: bbb1934c0cbb03091af082a6389ca2080345291ef07a5fa6d6e078ba8682f977
      url: "https://pub.dev"
    source: hosted
    version: "1.0.1"
  path_parsing:
    dependency: transitive
    description:
      name: path_parsing
      sha256: e3e67b1629e6f7e8100b367d3db6ba6af4b1f0bb80f64db18ef1fbabd2fa9ccf
      url: "https://pub.dev"
    source: hosted
    version: "1.0.1"
  path_provider:
    dependency: transitive
    description:
      name: path_provider
      sha256: e92dee4d38a9044605cb3fb253e9b46eb9375dfcad4515d0379b44ac90797568
      url: "https://pub.dev"
    source: hosted
    version: "2.0.9"
  path_provider_android:
    dependency: transitive
    description:
      name: path_provider_android
      sha256: "8b759fb6c74955931e87f550cc9e890b0cccb7ef8e710943973efeaa9695c54d"
      url: "https://pub.dev"
    source: hosted
    version: "2.0.12"
  path_provider_ios:
    dependency: transitive
    description:
      name: path_provider_ios
      sha256: "943b76e54056386432cdc2731cb303e2f580346b61a1fc73819721767be72309"
      url: "https://pub.dev"
    source: hosted
    version: "2.0.8"
  path_provider_linux:
    dependency: transitive
    description:
      name: path_provider_linux
      sha256: "1e109f4df28bd95eab71e323008b53d19c4d633bc1ab05b577518773474e9621"
      url: "https://pub.dev"
    source: hosted
    version: "2.1.5"
  path_provider_macos:
    dependency: transitive
    description:
      name: path_provider_macos
      sha256: "0adeb313e1f2c3fc52baeeee59b0fe9c2d1f7da56fd96a9234e1702ec653a453"
      url: "https://pub.dev"
    source: hosted
    version: "2.0.5"
  path_provider_platform_interface:
    dependency: transitive
    description:
      name: path_provider_platform_interface
      sha256: "3dc0d51b07f85fec3746d9f4e8d31c73bb173cafa2e763f03f8df2e8d1878882"
      url: "https://pub.dev"
    source: hosted
    version: "2.0.3"
  path_provider_windows:
    dependency: transitive
    description:
      name: path_provider_windows
      sha256: "366ad4e3541ea707f859e7148d4d5aba67d589d7936cee04a05c464a277eeb27"
      url: "https://pub.dev"
    source: hosted
    version: "2.0.5"
  permission_handler:
    dependency: "direct main"
    description:
      name: permission_handler
      sha256: "18bf33f7fefbd812f37e72091a15575e72d5318854877e0e4035a24ac1113ecb"
      url: "https://pub.dev"
    source: hosted
    version: "11.3.1"
  permission_handler_android:
    dependency: transitive
    description:
      name: permission_handler_android
      sha256: "1acac6bae58144b442f11e66621c062aead9c99841093c38f5bcdcc24c1c3474"
      url: "https://pub.dev"
    source: hosted
    version: "12.0.5"
  permission_handler_apple:
    dependency: transitive
    description:
      name: permission_handler_apple
      sha256: e9ad66020b89ff1b63908f247c2c6f931c6e62699b756ef8b3c4569350cd8662
      url: "https://pub.dev"
    source: hosted
    version: "9.4.4"
  permission_handler_html:
    dependency: transitive
    description:
      name: permission_handler_html
      sha256: "54bf176b90f6eddd4ece307e2c06cf977fb3973719c35a93b85cc7093eb6070d"
      url: "https://pub.dev"
    source: hosted
    version: "0.1.1"
  permission_handler_platform_interface:
    dependency: transitive
    description:
      name: permission_handler_platform_interface
      sha256: "48d4fcf201a1dad93ee869ab0d4101d084f49136ec82a8a06ed9cfeacab9fd20"
      url: "https://pub.dev"
    source: hosted
    version: "4.2.1"
  permission_handler_windows:
    dependency: transitive
    description:
      name: permission_handler_windows
      sha256: "1a790728016f79a41216d88672dbc5df30e686e811ad4e698bfc51f76ad91f1e"
      url: "https://pub.dev"
    source: hosted
    version: "0.2.1"
  petitparser:
    dependency: transitive
    description:
      name: petitparser
      sha256: c15605cd28af66339f8eb6fbe0e541bfe2d1b72d5825efc6598f3e0a31b9ad27
      url: "https://pub.dev"
    source: hosted
    version: "6.0.2"
  platform:
    dependency: transitive
    description:
      name: platform
      sha256: "4a451831508d7d6ca779f7ac6e212b4023dd5a7d08a27a63da33756410e32b76"
      url: "https://pub.dev"
    source: hosted
    version: "3.1.0"
  plugin_platform_interface:
    dependency: transitive
    description:
      name: plugin_platform_interface
      sha256: "4820fbfdb9478b1ebae27888254d445073732dae3d6ea81f0b7e06d5dedc3f02"
      url: "https://pub.dev"
    source: hosted
    version: "2.1.8"
  process:
    dependency: transitive
    description:
      name: process
      sha256: "53fd8db9cec1d37b0574e12f07520d582019cb6c44abf5479a01505099a34a09"
      url: "https://pub.dev"
    source: hosted
    version: "4.2.4"
  protobuf:
    dependency: transitive
    description:
      name: protobuf
      sha256: f9b7809db75bc95d411bc197d714613fb42f0b0c17553c95568a2a9179d2a7ea
      url: "https://pub.dev"
    source: hosted
    version: "2.0.1"
  provider:
    dependency: "direct main"
    description:
      name: provider
      sha256: "7896193cf752c40ba7f7732a95264319a787871e5d628225357f5c909182bc06"
      url: "https://pub.dev"
    source: hosted
    version: "6.0.2"
  quiver:
    dependency: transitive
    description:
      name: quiver
      sha256: "616b691d1c8f5c53b7b39ce3542f6a25308d7900bf689d0210e72a644a10387e"
      url: "https://pub.dev"
    source: hosted
    version: "3.0.1+1"
  rxdart:
    dependency: "direct main"
    description:
      name: rxdart
      sha256: bc2d2b17b87fab32e2dca53ca3066d3147de6f96c74d76cfe1a379a24239c46d
      url: "https://pub.dev"
    source: hosted
    version: "0.27.3"
  sign_in_with_apple:
    dependency: transitive
    description:
      name: sign_in_with_apple
      sha256: "54791280a9b4c233c3a85027c936690f77e2406fd0ffd6e1e0ac92338448d6b5"
      url: "https://pub.dev"
    source: hosted
    version: "3.3.0"
  sign_in_with_apple_platform_interface:
    dependency: transitive
    description:
      name: sign_in_with_apple_platform_interface
      sha256: a5883edee09ed6be19de19e7d9f618a617fe41a6fa03f76d082dfb787e9ea18d
      url: "https://pub.dev"
    source: hosted
    version: "1.0.0"
  sign_in_with_apple_web:
    dependency: transitive
    description:
      name: sign_in_with_apple_web
      sha256: "44b66528f576e77847c14999d5e881e17e7223b7b0625a185417829e5306f47a"
      url: "https://pub.dev"
    source: hosted
    version: "1.0.1"
  sky_engine:
    dependency: transitive
    description: flutter
    source: sdk
    version: "0.0.99"
  sound_stream:
    dependency: "direct main"
    description:
      name: sound_stream
      sha256: "031bba4a342df5d2b9dedf44abe4290fdf1a68a4ccf6601e984ef86631672028"
      url: "https://pub.dev"
    source: hosted
    version: "0.3.0"
  source_span:
    dependency: transitive
    description:
      name: source_span
      sha256: "53e943d4206a5e30df338fd4c6e7a077e02254531b138a15aec3bd143c1a8b3c"
      url: "https://pub.dev"
    source: hosted
    version: "1.10.0"
  stack_trace:
    dependency: transitive
    description:
      name: stack_trace
      sha256: "73713990125a6d93122541237550ee3352a2d84baad52d375a4cad2eb9b7ce0b"
      url: "https://pub.dev"
    source: hosted
    version: "1.11.1"
  stream_channel:
    dependency: transitive
    description:
      name: stream_channel
      sha256: ba2aa5d8cc609d96bbb2899c28934f9e1af5cddbd60a827822ea467161eb54e7
      url: "https://pub.dev"
    source: hosted
    version: "2.1.2"
  stream_transform:
    dependency: transitive
    description:
      name: stream_transform
      sha256: ed464977cb26a1f41537e177e190c67223dbd9f4f683489b6ab2e5d211ec564e
      url: "https://pub.dev"
    source: hosted
    version: "2.0.0"
  string_scanner:
    dependency: transitive
    description:
      name: string_scanner
      sha256: "556692adab6cfa87322a115640c11f13cb77b3f076ddcc5d6ae3c20242bedcde"
      url: "https://pub.dev"
    source: hosted
    version: "1.2.0"
  term_glyph:
    dependency: transitive
    description:
      name: term_glyph
      sha256: a29248a84fbb7c79282b40b8c72a1209db169a2e0542bce341da992fe1bc7e84
      url: "https://pub.dev"
    source: hosted
    version: "1.2.1"
  test_api:
    dependency: transitive
    description:
      name: test_api
      sha256: "5c2f730018264d276c20e4f1503fd1308dfbbae39ec8ee63c5236311ac06954b"
      url: "https://pub.dev"
    source: hosted
    version: "0.6.1"
  twitter_login:
    dependency: transitive
    description:
      name: twitter_login
      sha256: "31ff9db2e37eda878b876a4ce6d1525f51d34b6cd9de9aa185b07027a23ab95b"
      url: "https://pub.dev"
    source: hosted
    version: "4.4.2"
  typed_data:
    dependency: transitive
    description:
      name: typed_data
      sha256: "53bdf7e979cfbf3e28987552fd72f637e63f3c8724c9e56d9246942dc2fa36ee"
      url: "https://pub.dev"
    source: hosted
    version: "1.3.0"
  url_launcher:
    dependency: "direct main"
    description:
      name: url_launcher
      sha256: "76d8206356ed276e1df3eda6523486148776cf1e5381d630b5726c92bb774d7e"
      url: "https://pub.dev"
    source: hosted
    version: "6.0.20"
  url_launcher_android:
    dependency: transitive
    description:
      name: url_launcher_android
      sha256: b693e6698f7e6985710d67a050e3acbdda3b9cfc4b43b9f1c40cdbe42c705b92
      url: "https://pub.dev"
    source: hosted
    version: "6.0.15"
  url_launcher_ios:
    dependency: transitive
    description:
      name: url_launcher_ios
      sha256: e51a93f0da65733beb69fdbc43cea524d86ed8e524479e9faefc9304cec34a57
      url: "https://pub.dev"
    source: hosted
    version: "6.0.15"
  url_launcher_linux:
    dependency: transitive
    description:
      name: url_launcher_linux
      sha256: c3ec89d52305ec647cf037eafe2be8d2f1149b5723d1f2ec716fc3d58469de5d
      url: "https://pub.dev"
    source: hosted
    version: "3.0.0"
  url_launcher_macos:
    dependency: transitive
    description:
      name: url_launcher_macos
      sha256: c028c7f80fdb99cf48b94c471c0f8b9b855a188f4865df76e2a7663ae640e9d2
      url: "https://pub.dev"
    source: hosted
    version: "3.0.0"
  url_launcher_platform_interface:
    dependency: transitive
    description:
      name: url_launcher_platform_interface
      sha256: "1b9c4dab07794498b83b5f938e26b20f68c3b460a3015b0307f9541cb34ef93d"
      url: "https://pub.dev"
    source: hosted
    version: "2.0.5"
  url_launcher_web:
    dependency: transitive
    description:
      name: url_launcher_web
      sha256: "88de707cba8e0c1c678ed79274298c4737f7f24addd12e786fbf0597de085850"
      url: "https://pub.dev"
    source: hosted
    version: "2.0.6"
  url_launcher_windows:
    dependency: transitive
    description:
      name: url_launcher_windows
      sha256: aa14bdb9265fa22416fc387b33e44eb37fd38768bf465fafcec73d283f3457b1
      url: "https://pub.dev"
    source: hosted
    version: "3.0.0"
  uuid:
    dependency: transitive
    description:
      name: uuid
      sha256: "648e103079f7c64a36dc7d39369cabb358d377078a051d6ae2ad3aa539519313"
      url: "https://pub.dev"
    source: hosted
    version: "3.0.7"
  vector_math:
    dependency: transitive
    description:
      name: vector_math
      sha256: "80b3257d1492ce4d091729e3a67a60407d227c27241d6927be0130c98e741803"
      url: "https://pub.dev"
    source: hosted
    version: "2.1.4"
  vm_service:
    dependency: transitive
    description:
      name: vm_service
      sha256: b3d56ff4341b8f182b96aceb2fa20e3dcb336b9f867bc0eafc0de10f1048e957
      url: "https://pub.dev"
    source: hosted
    version: "13.0.0"
  web:
    dependency: transitive
    description:
      name: web
      sha256: "97da13628db363c635202ad97068d47c5b8aa555808e7a9411963c533b449b27"
      url: "https://pub.dev"
    source: hosted
    version: "0.5.1"
  win32:
    dependency: transitive
    description:
      name: win32
      sha256: "8dd0c450f748d553a8181c6cb9fdf12b987cebaeccdbc75032186b89ae93907b"
      url: "https://pub.dev"
    source: hosted
    version: "2.4.4"
  xdg_directories:
    dependency: transitive
    description:
      name: xdg_directories
      sha256: "060b6e1c891d956f72b5ac9463466c37cce3fa962a921532fc001e86fe93438e"
      url: "https://pub.dev"
    source: hosted
    version: "0.2.0+1"
  xml:
    dependency: transitive
    description:
      name: xml
      sha256: b015a8ad1c488f66851d762d3090a21c600e479dc75e68328c52774040cf9226
      url: "https://pub.dev"
    source: hosted
    version: "6.5.0"
  yaml:
    dependency: transitive
    description:
      name: yaml
      sha256: "75769501ea3489fca56601ff33454fe45507ea3bfb014161abc3b43ae25989d5"
      url: "https://pub.dev"
    source: hosted
    version: "3.1.2"
sdks:
  dart: ">=3.3.0 <4.0.0"
  flutter: ">=3.19.2"
